
Microsoft Visual Studio Solution File, Format Version 12.00
# Visual Studio 15
VisualStudioVersion = 15.0.28307.271
MinimumVisualStudioVersion = 10.0.40219.1
Project("{8BC9CEB8-8B4A-11D0-8D11-00A0C91BC942}") = "core", "core.vcxproj", "{1E7BFE73-F568-497B-AD01-D7E81A9FAB5B}"
	ProjectSection(ProjectDependencies) = postProject
		{52F209E8-3601-4F74-82CF-538DD46BB353} = {52F209E8-3601-4F74-82CF-538DD46BB353}
	EndProjectSection
EndProject
Project("{8BC9CEB8-8B4A-11D0-8D11-00A0C91BC942}") = "common", "common.vcxproj", "{52F209E8-3601-4F74-82CF-538DD46BB353}"
EndProject
Project("{8BC9CEB8-8B4A-11D0-8D11-00A0C91BC942}") = "sampler", "sampler.vcxproj", "{E52F65F3-9106-4016-B282-ACEC20C98AD1}"
	ProjectSection(ProjectDependencies) = postProject
		{7679734E-42AB-4435-8CF1-D85FC534CC62} = {7679734E-42AB-4435-8CF1-D85FC534CC62}
		{1E7BFE73-F568-497B-AD01-D7E81A9FAB5B} = {1E7BFE73-F568-497B-AD01-D7E81A9FAB5B}
		{52F209E8-3601-4F74-82CF-538DD46BB353} = {52F209E8-3601-4F74-82CF-538DD46BB353}
	EndProjectSection
EndProject
Project("{8BC9CEB8-8B4A-11D0-8D11-00A0C91BC942}") = "luabinder", "luabinder.vcxproj", "{7679734E-42AB-4435-8CF1-D85FC534CC62}"
	ProjectSection(ProjectDependencies) = postProject
		{1E7BFE73-F568-497B-AD01-D7E81A9FAB5B} = {1E7BFE73-F568-497B-AD01-D7E81A9FAB5B}
		{52F209E8-3601-4F74-82CF-538DD46BB353} = {52F209E8-3601-4F74-82CF-538DD46BB353}
	EndProjectSection
EndProject
Project("{8BC9CEB8-8B4A-11D0-8D11-00A0C91BC942}") = "v8binder", "v8binder.vcxproj", "{79313C4F-AEA7-4058-A86C-44F13063CBDC}"
	ProjectSection(ProjectDependencies) = postProject
		{1E7BFE73-F568-497B-AD01-D7E81A9FAB5B} = {1E7BFE73-F568-497B-AD01-D7E81A9FAB5B}
		{52F209E8-3601-4F74-82CF-538DD46BB353} = {52F209E8-3601-4F74-82CF-538DD46BB353}
	EndProjectSection
EndProject
Project("{2150E333-8FDC-42A3-9474-1A3956D46DE8}") = "binder", "binder", "{6BDB7794-B77E-407F-A508-528EC2EE24D1}"
EndProject
Project("{2150E333-8FDC-42A3-9474-1A3956D46DE8}") = "base", "base", "{BC9CE4D9-EB59-410F-AA77-16B0D2D4EFC2}"
EndProject
Global
	GlobalSection(SolutionConfigurationPlatforms) = preSolution
		Debug|x64 = Debug|x64
		Debug|x86 = Debug|x86
		DebugDll|x64 = DebugDll|x64
		DebugDll|x86 = DebugDll|x86
		Release|x64 = Release|x64
		Release|x86 = Release|x86
		ReleaseDll|x64 = ReleaseDll|x64
		ReleaseDll|x86 = ReleaseDll|x86
	EndGlobalSection
	GlobalSection(ProjectConfigurationPlatforms) = postSolution
		{1E7BFE73-F568-497B-AD01-D7E81A9FAB5B}.Debug|x64.ActiveCfg = Debug|x64
		{1E7BFE73-F568-497B-AD01-D7E81A9FAB5B}.Debug|x64.Build.0 = Debug|x64
		{1E7BFE73-F568-497B-AD01-D7E81A9FAB5B}.Debug|x86.ActiveCfg = Debug|x64
		{1E7BFE73-F568-497B-AD01-D7E81A9FAB5B}.Debug|x86.Build.0 = Debug|x64
		{1E7BFE73-F568-497B-AD01-D7E81A9FAB5B}.DebugDll|x64.ActiveCfg = DebugDll|x64
		{1E7BFE73-F568-497B-AD01-D7E81A9FAB5B}.DebugDll|x64.Build.0 = DebugDll|x64
		{1E7BFE73-F568-497B-AD01-D7E81A9FAB5B}.DebugDll|x86.ActiveCfg = DebugDll|x64
		{1E7BFE73-F568-497B-AD01-D7E81A9FAB5B}.DebugDll|x86.Build.0 = DebugDll|x64
		{1E7BFE73-F568-497B-AD01-D7E81A9FAB5B}.Release|x64.ActiveCfg = Release|x64
		{1E7BFE73-F568-497B-AD01-D7E81A9FAB5B}.Release|x64.Build.0 = Release|x64
		{1E7BFE73-F568-497B-AD01-D7E81A9FAB5B}.Release|x86.ActiveCfg = Release|x64
		{1E7BFE73-F568-497B-AD01-D7E81A9FAB5B}.Release|x86.Build.0 = Release|x64
		{1E7BFE73-F568-497B-AD01-D7E81A9FAB5B}.ReleaseDll|x64.ActiveCfg = ReleaseDll|x64
		{1E7BFE73-F568-497B-AD01-D7E81A9FAB5B}.ReleaseDll|x64.Build.0 = ReleaseDll|x64
		{1E7BFE73-F568-497B-AD01-D7E81A9FAB5B}.ReleaseDll|x86.ActiveCfg = ReleaseDll|x64
		{1E7BFE73-F568-497B-AD01-D7E81A9FAB5B}.ReleaseDll|x86.Build.0 = ReleaseDll|x64
		{52F209E8-3601-4F74-82CF-538DD46BB353}.Debug|x64.ActiveCfg = Debug|x64
		{52F209E8-3601-4F74-82CF-538DD46BB353}.Debug|x64.Build.0 = Debug|x64
		{52F209E8-3601-4F74-82CF-538DD46BB353}.Debug|x86.ActiveCfg = Debug|x64
		{52F209E8-3601-4F74-82CF-538DD46BB353}.Debug|x86.Build.0 = Debug|x64
		{52F209E8-3601-4F74-82CF-538DD46BB353}.DebugDll|x64.ActiveCfg = DebugDll|x64
		{52F209E8-3601-4F74-82CF-538DD46BB353}.DebugDll|x64.Build.0 = DebugDll|x64
		{52F209E8-3601-4F74-82CF-538DD46BB353}.DebugDll|x86.ActiveCfg = DebugDll|x64
		{52F209E8-3601-4F74-82CF-538DD46BB353}.DebugDll|x86.Build.0 = DebugDll|x64
		{52F209E8-3601-4F74-82CF-538DD46BB353}.Release|x64.ActiveCfg = Release|x64
		{52F209E8-3601-4F74-82CF-538DD46BB353}.Release|x64.Build.0 = Release|x64
		{52F209E8-3601-4F74-82CF-538DD46BB353}.Release|x86.ActiveCfg = Release|x64
		{52F209E8-3601-4F74-82CF-538DD46BB353}.Release|x86.Build.0 = Release|x64
		{52F209E8-3601-4F74-82CF-538DD46BB353}.ReleaseDll|x64.ActiveCfg = ReleaseDll|x64
		{52F209E8-3601-4F74-82CF-538DD46BB353}.ReleaseDll|x64.Build.0 = ReleaseDll|x64
		{52F209E8-3601-4F74-82CF-538DD46BB353}.ReleaseDll|x86.ActiveCfg = ReleaseDll|x64
		{52F209E8-3601-4F74-82CF-538DD46BB353}.ReleaseDll|x86.Build.0 = ReleaseDll|x64
		{E52F65F3-9106-4016-B282-ACEC20C98AD1}.Debug|x64.ActiveCfg = Debug|x64
		{E52F65F3-9106-4016-B282-ACEC20C98AD1}.Debug|x64.Build.0 = Debug|x64
		{E52F65F3-9106-4016-B282-ACEC20C98AD1}.Debug|x86.ActiveCfg = Debug|x64
		{E52F65F3-9106-4016-B282-ACEC20C98AD1}.Debug|x86.Build.0 = Debug|x64
		{E52F65F3-9106-4016-B282-ACEC20C98AD1}.DebugDll|x64.ActiveCfg = DebugDll|x64
		{E52F65F3-9106-4016-B282-ACEC20C98AD1}.DebugDll|x64.Build.0 = DebugDll|x64
		{E52F65F3-9106-4016-B282-ACEC20C98AD1}.DebugDll|x86.ActiveCfg = DebugDll|x64
		{E52F65F3-9106-4016-B282-ACEC20C98AD1}.DebugDll|x86.Build.0 = DebugDll|x64
		{E52F65F3-9106-4016-B282-ACEC20C98AD1}.Release|x64.ActiveCfg = Release|x64
		{E52F65F3-9106-4016-B282-ACEC20C98AD1}.Release|x64.Build.0 = Release|x64
		{E52F65F3-9106-4016-B282-ACEC20C98AD1}.Release|x86.ActiveCfg = Release|x64
		{E52F65F3-9106-4016-B282-ACEC20C98AD1}.Release|x86.Build.0 = Release|x64
		{E52F65F3-9106-4016-B282-ACEC20C98AD1}.ReleaseDll|x64.ActiveCfg = ReleaseDll|x64
		{E52F65F3-9106-4016-B282-ACEC20C98AD1}.ReleaseDll|x64.Build.0 = ReleaseDll|x64
		{E52F65F3-9106-4016-B282-ACEC20C98AD1}.ReleaseDll|x86.ActiveCfg = ReleaseDll|x64
		{E52F65F3-9106-4016-B282-ACEC20C98AD1}.ReleaseDll|x86.Build.0 = ReleaseDll|x64
		{7679734E-42AB-4435-8CF1-D85FC534CC62}.Debug|x64.ActiveCfg = Debug|x64
		{7679734E-42AB-4435-8CF1-D85FC534CC62}.Debug|x64.Build.0 = Debug|x64
		{7679734E-42AB-4435-8CF1-D85FC534CC62}.Debug|x86.ActiveCfg = Debug|x64
		{7679734E-42AB-4435-8CF1-D85FC534CC62}.Debug|x86.Build.0 = Debug|x64
		{7679734E-42AB-4435-8CF1-D85FC534CC62}.DebugDll|x64.ActiveCfg = DebugDll|x64
		{7679734E-42AB-4435-8CF1-D85FC534CC62}.DebugDll|x64.Build.0 = DebugDll|x64
		{7679734E-42AB-4435-8CF1-D85FC534CC62}.DebugDll|x86.ActiveCfg = DebugDll|x64
		{7679734E-42AB-4435-8CF1-D85FC534CC62}.DebugDll|x86.Build.0 = DebugDll|x64
		{7679734E-42AB-4435-8CF1-D85FC534CC62}.Release|x64.ActiveCfg = Release|x64
		{7679734E-42AB-4435-8CF1-D85FC534CC62}.Release|x64.Build.0 = Release|x64
		{7679734E-42AB-4435-8CF1-D85FC534CC62}.Release|x86.ActiveCfg = Release|x64
		{7679734E-42AB-4435-8CF1-D85FC534CC62}.Release|x86.Build.0 = Release|x64
		{7679734E-42AB-4435-8CF1-D85FC534CC62}.ReleaseDll|x64.ActiveCfg = ReleaseDll|x64
		{7679734E-42AB-4435-8CF1-D85FC534CC62}.ReleaseDll|x64.Build.0 = ReleaseDll|x64
		{7679734E-42AB-4435-8CF1-D85FC534CC62}.ReleaseDll|x86.ActiveCfg = ReleaseDll|x64
		{7679734E-42AB-4435-8CF1-D85FC534CC62}.ReleaseDll|x86.Build.0 = ReleaseDll|x64
		{79313C4F-AEA7-4058-A86C-44F13063CBDC}.Debug|x64.ActiveCfg = Debug|x64
		{79313C4F-AEA7-4058-A86C-44F13063CBDC}.Debug|x64.Build.0 = Debug|x64
		{79313C4F-AEA7-4058-A86C-44F13063CBDC}.Debug|x86.ActiveCfg = Debug|x64
		{79313C4F-AEA7-4058-A86C-44F13063CBDC}.Debug|x86.Build.0 = Debug|x64
		{79313C4F-AEA7-4058-A86C-44F13063CBDC}.DebugDll|x64.ActiveCfg = DebugDll|x64
		{79313C4F-AEA7-4058-A86C-44F13063CBDC}.DebugDll|x64.Build.0 = DebugDll|x64
		{79313C4F-AEA7-4058-A86C-44F13063CBDC}.DebugDll|x86.ActiveCfg = DebugDll|x64
		{79313C4F-AEA7-4058-A86C-44F13063CBDC}.DebugDll|x86.Build.0 = DebugDll|x64
		{79313C4F-AEA7-4058-A86C-44F13063CBDC}.Release|x64.ActiveCfg = Release|x64
		{79313C4F-AEA7-4058-A86C-44F13063CBDC}.Release|x64.Build.0 = Release|x64
		{79313C4F-AEA7-4058-A86C-44F13063CBDC}.Release|x86.ActiveCfg = Release|x64
		{79313C4F-AEA7-4058-A86C-44F13063CBDC}.Release|x86.Build.0 = Release|x64
		{79313C4F-AEA7-4058-A86C-44F13063CBDC}.ReleaseDll|x64.ActiveCfg = ReleaseDll|x64
		{79313C4F-AEA7-4058-A86C-44F13063CBDC}.ReleaseDll|x64.Build.0 = ReleaseDll|x64
		{79313C4F-AEA7-4058-A86C-44F13063CBDC}.ReleaseDll|x86.ActiveCfg = ReleaseDll|x64
		{79313C4F-AEA7-4058-A86C-44F13063CBDC}.ReleaseDll|x86.Build.0 = ReleaseDll|x64
	EndGlobalSection
	GlobalSection(SolutionProperties) = preSolution
		HideSolutionNode = FALSE
	EndGlobalSection
	GlobalSection(NestedProjects) = preSolution
		{1E7BFE73-F568-497B-AD01-D7E81A9FAB5B} = {BC9CE4D9-EB59-410F-AA77-16B0D2D4EFC2}
		{52F209E8-3601-4F74-82CF-538DD46BB353} = {BC9CE4D9-EB59-410F-AA77-16B0D2D4EFC2}
		{7679734E-42AB-4435-8CF1-D85FC534CC62} = {6BDB7794-B77E-407F-A508-528EC2EE24D1}
		{79313C4F-AEA7-4058-A86C-44F13063CBDC} = {6BDB7794-B77E-407F-A508-528EC2EE24D1}
	EndGlobalSection
	GlobalSection(ExtensibilityGlobals) = postSolution
		SolutionGuid = {7E1AE806-D79C-4D72-8D59-CB9F73DF76C4}
	EndGlobalSection
EndGlobal
