<?xml version="1.0" encoding="utf-8"?>
<Project ToolsVersion="4.0" xmlns="http://schemas.microsoft.com/developer/msbuild/2003">
  <ItemGroup>
    <ClCompile Include="..\..\src\core\CCallBase.cpp">
      <Filter>source</Filter>
    </ClCompile>
    <ClCompile Include="..\..\src\core\CClassRegistInfo.cpp">
      <Filter>source</Filter>
    </ClCompile>
    <ClCompile Include="..\..\src\core\CDebugBase.cpp">
      <Filter>source</Filter>
    </ClCompile>
    <ClCompile Include="..\..\src\core\CScript.cpp">
      <Filter>source</Filter>
    </ClCompile>
    <ClCompile Include="..\..\src\core\CScriptBase.cpp">
      <Filter>source</Filter>
    </ClCompile>
    <ClCompile Include="..\..\src\core\CTypeBase.cpp">
      <Filter>source</Filter>
    </ClCompile>
  </ItemGroup>
  <ItemGroup>
    <ClInclude Include="..\..\include\core\CScript.h">
      <Filter>include</Filter>
    </ClInclude>
    <ClInclude Include="..\..\include\core\GammaScriptDef.h">
      <Filter>include</Filter>
    </ClInclude>
    <ClInclude Include="..\..\include\core\GammaScriptRunFun.h">
      <Filter>include</Filter>
    </ClInclude>
    <ClInclude Include="..\..\include\core\GammaScriptWrap.h">
      <Filter>include</Filter>
    </ClInclude>
    <ClInclude Include="..\..\include\core\GammaScriptX.h">
      <Filter>include</Filter>
    </ClInclude>
    <ClInclude Include="..\..\include\core\CCallBase.h">
      <Filter>include</Filter>
    </ClInclude>
    <ClInclude Include="..\..\include\core\CClassRegistInfo.h">
      <Filter>include</Filter>
    </ClInclude>
    <ClInclude Include="..\..\include\core\CDebugBase.h">
      <Filter>include</Filter>
    </ClInclude>
    <ClInclude Include="..\..\include\core\CScriptBase.h">
      <Filter>include</Filter>
    </ClInclude>
    <ClInclude Include="..\..\include\core\CTypeBase.h">
      <Filter>include</Filter>
    </ClInclude>
  </ItemGroup>
  <ItemGroup>
    <Filter Include="include">
      <UniqueIdentifier>{80c24f36-8354-4b41-8763-c96e07746c88}</UniqueIdentifier>
    </Filter>
    <Filter Include="source">
      <UniqueIdentifier>{ad603465-20c5-4ad1-908a-2c4d40eb54d3}</UniqueIdentifier>
    </Filter>
  </ItemGroup>
</Project>