<?xml version="1.0" encoding="utf-8"?>
<Project ToolsVersion="4.0" xmlns="http://schemas.microsoft.com/developer/msbuild/2003">
  <ItemGroup>
    <Filter Include="include">
      <UniqueIdentifier>{80c24f36-8354-4b41-8763-c96e07746c88}</UniqueIdentifier>
    </Filter>
    <Filter Include="thridpart">
      <UniqueIdentifier>{86c90902-61af-45bf-9792-f62919099ecc}</UniqueIdentifier>
    </Filter>
    <Filter Include="source">
      <UniqueIdentifier>{ad603465-20c5-4ad1-908a-2c4d40eb54d3}</UniqueIdentifier>
    </Filter>
    <Filter Include="thridpart\lua">
      <UniqueIdentifier>{3da59e83-22f2-48af-ba6c-dae635c08a80}</UniqueIdentifier>
    </Filter>
    <Filter Include="thridpart\zip">
      <UniqueIdentifier>{603b129a-b582-4c75-aae2-35e67ae55872}</UniqueIdentifier>
    </Filter>
  </ItemGroup>
  <ItemGroup>
    <ClInclude Include="..\..\third_party\lua-5.1.5\src\lobject.h">
      <Filter>thridpart\lua</Filter>
    </ClInclude>
    <ClInclude Include="..\..\third_party\lua-5.1.5\src\lopcodes.h">
      <Filter>thridpart\lua</Filter>
    </ClInclude>
    <ClInclude Include="..\..\third_party\lua-5.1.5\src\lparser.h">
      <Filter>thridpart\lua</Filter>
    </ClInclude>
    <ClInclude Include="..\..\third_party\lua-5.1.5\src\lstate.h">
      <Filter>thridpart\lua</Filter>
    </ClInclude>
    <ClInclude Include="..\..\third_party\lua-5.1.5\src\lstring.h">
      <Filter>thridpart\lua</Filter>
    </ClInclude>
    <ClInclude Include="..\..\third_party\lua-5.1.5\src\ltable.h">
      <Filter>thridpart\lua</Filter>
    </ClInclude>
    <ClInclude Include="..\..\third_party\lua-5.1.5\src\ltm.h">
      <Filter>thridpart\lua</Filter>
    </ClInclude>
    <ClInclude Include="..\..\third_party\lua-5.1.5\src\lua.h">
      <Filter>thridpart\lua</Filter>
    </ClInclude>
    <ClInclude Include="..\..\third_party\lua-5.1.5\src\luaconf.h">
      <Filter>thridpart\lua</Filter>
    </ClInclude>
    <ClInclude Include="..\..\third_party\lua-5.1.5\src\lualib.h">
      <Filter>thridpart\lua</Filter>
    </ClInclude>
    <ClInclude Include="..\..\third_party\lua-5.1.5\src\lundump.h">
      <Filter>thridpart\lua</Filter>
    </ClInclude>
    <ClInclude Include="..\..\third_party\lua-5.1.5\src\lvm.h">
      <Filter>thridpart\lua</Filter>
    </ClInclude>
    <ClInclude Include="..\..\third_party\lua-5.1.5\src\lzio.h">
      <Filter>thridpart\lua</Filter>
    </ClInclude>
    <ClInclude Include="..\..\third_party\lua-5.1.5\src\lapi.h">
      <Filter>thridpart\lua</Filter>
    </ClInclude>
    <ClInclude Include="..\..\third_party\lua-5.1.5\src\lauxlib.h">
      <Filter>thridpart\lua</Filter>
    </ClInclude>
    <ClInclude Include="..\..\third_party\lua-5.1.5\src\lcode.h">
      <Filter>thridpart\lua</Filter>
    </ClInclude>
    <ClInclude Include="..\..\third_party\lua-5.1.5\src\ldebug.h">
      <Filter>thridpart\lua</Filter>
    </ClInclude>
    <ClInclude Include="..\..\third_party\lua-5.1.5\src\ldo.h">
      <Filter>thridpart\lua</Filter>
    </ClInclude>
    <ClInclude Include="..\..\third_party\lua-5.1.5\src\lfunc.h">
      <Filter>thridpart\lua</Filter>
    </ClInclude>
    <ClInclude Include="..\..\third_party\lua-5.1.5\src\lgc.h">
      <Filter>thridpart\lua</Filter>
    </ClInclude>
    <ClInclude Include="..\..\third_party\lua-5.1.5\src\llex.h">
      <Filter>thridpart\lua</Filter>
    </ClInclude>
    <ClInclude Include="..\..\third_party\lua-5.1.5\src\llimits.h">
      <Filter>thridpart\lua</Filter>
    </ClInclude>
    <ClInclude Include="..\..\third_party\lua-5.1.5\src\lmem.h">
      <Filter>thridpart\lua</Filter>
    </ClInclude>
    <ClInclude Include="..\..\src\luabinder\CDebugLua.h">
      <Filter>include</Filter>
    </ClInclude>
    <ClInclude Include="..\..\src\luabinder\CScriptLua.h">
      <Filter>include</Filter>
    </ClInclude>
    <ClInclude Include="..\..\src\luabinder\CTypeLua.h">
      <Filter>include</Filter>
    </ClInclude>
    <ClInclude Include="..\..\third_party\zlib-1.2.11\crc32.h">
      <Filter>thridpart\zip</Filter>
    </ClInclude>
    <ClInclude Include="..\..\third_party\zlib-1.2.11\deflate.h">
      <Filter>thridpart\zip</Filter>
    </ClInclude>
    <ClInclude Include="..\..\third_party\zlib-1.2.11\gzguts.h">
      <Filter>thridpart\zip</Filter>
    </ClInclude>
    <ClInclude Include="..\..\third_party\zlib-1.2.11\inffast.h">
      <Filter>thridpart\zip</Filter>
    </ClInclude>
    <ClInclude Include="..\..\third_party\zlib-1.2.11\inffixed.h">
      <Filter>thridpart\zip</Filter>
    </ClInclude>
    <ClInclude Include="..\..\third_party\zlib-1.2.11\inflate.h">
      <Filter>thridpart\zip</Filter>
    </ClInclude>
    <ClInclude Include="..\..\third_party\zlib-1.2.11\inftrees.h">
      <Filter>thridpart\zip</Filter>
    </ClInclude>
    <ClInclude Include="..\..\third_party\zlib-1.2.11\trees.h">
      <Filter>thridpart\zip</Filter>
    </ClInclude>
    <ClInclude Include="..\..\third_party\zlib-1.2.11\zconf.h">
      <Filter>thridpart\zip</Filter>
    </ClInclude>
    <ClInclude Include="..\..\third_party\zlib-1.2.11\zlib.h">
      <Filter>thridpart\zip</Filter>
    </ClInclude>
    <ClInclude Include="..\..\third_party\zlib-1.2.11\zutil.h">
      <Filter>thridpart\zip</Filter>
    </ClInclude>
  </ItemGroup>
  <ItemGroup>
    <ClCompile Include="..\..\third_party\lua-5.1.5\src\lopcodes.c">
      <Filter>thridpart\lua</Filter>
    </ClCompile>
    <ClCompile Include="..\..\third_party\lua-5.1.5\src\loslib.c">
      <Filter>thridpart\lua</Filter>
    </ClCompile>
    <ClCompile Include="..\..\third_party\lua-5.1.5\src\lparser.c">
      <Filter>thridpart\lua</Filter>
    </ClCompile>
    <ClCompile Include="..\..\third_party\lua-5.1.5\src\lstate.c">
      <Filter>thridpart\lua</Filter>
    </ClCompile>
    <ClCompile Include="..\..\third_party\lua-5.1.5\src\lstring.c">
      <Filter>thridpart\lua</Filter>
    </ClCompile>
    <ClCompile Include="..\..\third_party\lua-5.1.5\src\lstrlib.c">
      <Filter>thridpart\lua</Filter>
    </ClCompile>
    <ClCompile Include="..\..\third_party\lua-5.1.5\src\ltable.c">
      <Filter>thridpart\lua</Filter>
    </ClCompile>
    <ClCompile Include="..\..\third_party\lua-5.1.5\src\ltablib.c">
      <Filter>thridpart\lua</Filter>
    </ClCompile>
    <ClCompile Include="..\..\third_party\lua-5.1.5\src\ltm.c">
      <Filter>thridpart\lua</Filter>
    </ClCompile>
    <ClCompile Include="..\..\third_party\lua-5.1.5\src\luac.c">
      <Filter>thridpart\lua</Filter>
    </ClCompile>
    <ClCompile Include="..\..\third_party\lua-5.1.5\src\lundump.c">
      <Filter>thridpart\lua</Filter>
    </ClCompile>
    <ClCompile Include="..\..\third_party\lua-5.1.5\src\lvm.c">
      <Filter>thridpart\lua</Filter>
    </ClCompile>
    <ClCompile Include="..\..\third_party\lua-5.1.5\src\lzio.c">
      <Filter>thridpart\lua</Filter>
    </ClCompile>
    <ClCompile Include="..\..\third_party\lua-5.1.5\src\print.c">
      <Filter>thridpart\lua</Filter>
    </ClCompile>
    <ClCompile Include="..\..\third_party\lua-5.1.5\src\lapi.c">
      <Filter>thridpart\lua</Filter>
    </ClCompile>
    <ClCompile Include="..\..\third_party\lua-5.1.5\src\lauxlib.c">
      <Filter>thridpart\lua</Filter>
    </ClCompile>
    <ClCompile Include="..\..\third_party\lua-5.1.5\src\lbaselib.c">
      <Filter>thridpart\lua</Filter>
    </ClCompile>
    <ClCompile Include="..\..\third_party\lua-5.1.5\src\lcode.c">
      <Filter>thridpart\lua</Filter>
    </ClCompile>
    <ClCompile Include="..\..\third_party\lua-5.1.5\src\ldblib.c">
      <Filter>thridpart\lua</Filter>
    </ClCompile>
    <ClCompile Include="..\..\third_party\lua-5.1.5\src\ldebug.c">
      <Filter>thridpart\lua</Filter>
    </ClCompile>
    <ClCompile Include="..\..\third_party\lua-5.1.5\src\ldo.c">
      <Filter>thridpart\lua</Filter>
    </ClCompile>
    <ClCompile Include="..\..\third_party\lua-5.1.5\src\ldump.c">
      <Filter>thridpart\lua</Filter>
    </ClCompile>
    <ClCompile Include="..\..\third_party\lua-5.1.5\src\lfunc.c">
      <Filter>thridpart\lua</Filter>
    </ClCompile>
    <ClCompile Include="..\..\third_party\lua-5.1.5\src\lgc.c">
      <Filter>thridpart\lua</Filter>
    </ClCompile>
    <ClCompile Include="..\..\third_party\lua-5.1.5\src\linit.c">
      <Filter>thridpart\lua</Filter>
    </ClCompile>
    <ClCompile Include="..\..\third_party\lua-5.1.5\src\liolib.c">
      <Filter>thridpart\lua</Filter>
    </ClCompile>
    <ClCompile Include="..\..\third_party\lua-5.1.5\src\llex.c">
      <Filter>thridpart\lua</Filter>
    </ClCompile>
    <ClCompile Include="..\..\third_party\lua-5.1.5\src\lmathlib.c">
      <Filter>thridpart\lua</Filter>
    </ClCompile>
    <ClCompile Include="..\..\third_party\lua-5.1.5\src\lmem.c">
      <Filter>thridpart\lua</Filter>
    </ClCompile>
    <ClCompile Include="..\..\third_party\lua-5.1.5\src\loadlib.c">
      <Filter>thridpart\lua</Filter>
    </ClCompile>
    <ClCompile Include="..\..\third_party\lua-5.1.5\src\lobject.c">
      <Filter>thridpart\lua</Filter>
    </ClCompile>
    <ClCompile Include="..\..\src\luabinder\CDebugLua.cpp">
      <Filter>source</Filter>
    </ClCompile>
    <ClCompile Include="..\..\src\luabinder\CScriptLua.cpp">
      <Filter>source</Filter>
    </ClCompile>
    <ClCompile Include="..\..\src\luabinder\CTypeLua.cpp">
      <Filter>source</Filter>
    </ClCompile>
    <ClCompile Include="..\..\third_party\zlib-1.2.11\adler32.c">
      <Filter>thridpart\zip</Filter>
    </ClCompile>
    <ClCompile Include="..\..\third_party\zlib-1.2.11\compress.c">
      <Filter>thridpart\zip</Filter>
    </ClCompile>
    <ClCompile Include="..\..\third_party\zlib-1.2.11\crc32.c">
      <Filter>thridpart\zip</Filter>
    </ClCompile>
    <ClCompile Include="..\..\third_party\zlib-1.2.11\deflate.c">
      <Filter>thridpart\zip</Filter>
    </ClCompile>
    <ClCompile Include="..\..\third_party\zlib-1.2.11\gzclose.c">
      <Filter>thridpart\zip</Filter>
    </ClCompile>
    <ClCompile Include="..\..\third_party\zlib-1.2.11\gzlib.c">
      <Filter>thridpart\zip</Filter>
    </ClCompile>
    <ClCompile Include="..\..\third_party\zlib-1.2.11\gzread.c">
      <Filter>thridpart\zip</Filter>
    </ClCompile>
    <ClCompile Include="..\..\third_party\zlib-1.2.11\gzwrite.c">
      <Filter>thridpart\zip</Filter>
    </ClCompile>
    <ClCompile Include="..\..\third_party\zlib-1.2.11\infback.c">
      <Filter>thridpart\zip</Filter>
    </ClCompile>
    <ClCompile Include="..\..\third_party\zlib-1.2.11\inffast.c">
      <Filter>thridpart\zip</Filter>
    </ClCompile>
    <ClCompile Include="..\..\third_party\zlib-1.2.11\inflate.c">
      <Filter>thridpart\zip</Filter>
    </ClCompile>
    <ClCompile Include="..\..\third_party\zlib-1.2.11\inftrees.c">
      <Filter>thridpart\zip</Filter>
    </ClCompile>
    <ClCompile Include="..\..\third_party\zlib-1.2.11\trees.c">
      <Filter>thridpart\zip</Filter>
    </ClCompile>
    <ClCompile Include="..\..\third_party\zlib-1.2.11\uncompr.c">
      <Filter>thridpart\zip</Filter>
    </ClCompile>
    <ClCompile Include="..\..\third_party\zlib-1.2.11\zutil.c">
      <Filter>thridpart\zip</Filter>
    </ClCompile>
  </ItemGroup>
  <ItemGroup>
    <None Include="..\..\third_party\lua-5.1.5\src\Makefile">
      <Filter>thridpart\lua</Filter>
    </None>
  </ItemGroup>
</Project>